
Microsoft Visual Studio Solution File, Format Version 12.00
# Visual Studio Version 17
VisualStudioVersion = 17.0.31612.314
MinimumVisualStudioVersion = 10.0.40219.1
Project("{FAE04EC0-301F-11D3-BF4B-00C04F79EFBC}") = "跨窗口完成绑定", "WpfApplication1\跨窗口完成绑定.csproj", "{4A8DD550-CF52-4997-A027-05B0CE3EEBCC}"
EndProject
Project("{FAE04EC0-301F-11D3-BF4B-00C04F79EFBC}") = "LoginDemo", "LoginDemo\LoginDemo\LoginDemo.csproj", "{2BA5149C-EEAB-4002-9CBF-E68EB07647A1}"
EndProject
Project("{FAE04EC0-301F-11D3-BF4B-00C04F79EFBC}") = "FirstMVVM-cs", "FirstMVVM C#\FirstMVVM\FirstMVVM-cs.csproj", "{3715E8D4-4C08-4389-A61F-AB377E589D52}"
EndProject
Project("{F184B08F-C81C-45F6-A57F-5ABD9991F28F}") = "FirstMVVM", "FirstMVVM VB\FirstMVVM\FirstMVVM.vbproj", "{5BBA0E1C-451B-48A3-B1EE-2A27354B2FC4}"
EndProject
Project("{FAE04EC0-301F-11D3-BF4B-00C04F79EFBC}") = "TimedTask", "完整Task管理\TimedTask\TimedTask.csproj", "{247B9B90-EFD6-44FE-B67A-B824C5C67735}"
EndProject
Project("{FAE04EC0-301F-11D3-BF4B-00C04F79EFBC}") = "MvvmLight-demo-nf4", "MvvmLight-demo\WpfApp1\MvvmLight-demo-nf4.csproj", "{D8D8DE7D-F1EF-47CC-BDC5-FA032A936A5C}"
EndProject
Project("{9A19103F-16F7-4668-BE54-9A1E7A4F7556}") = "MvvmLight-core3", "MvvmLight-core3\GalaSoft.MvvmLight\MvvmLight-core3.csproj", "{886F109A-51CE-43A8-8F07-5E158EEA310E}"
EndProject
Project("{9A19103F-16F7-4668-BE54-9A1E7A4F7556}") = "SimpleTCP", "SimpleTCP\SimpleTCP.csproj", "{EAEDADD6-A234-4373-B3C5-E7E1FEFD6B71}"
EndProject
Project("{FAE04EC0-301F-11D3-BF4B-00C04F79EFBC}") = "WpfAppFour", "WpfAppFour\WpfAppFour.csproj", "{EE6180B3-6DE2-401E-9C8B-084E9ABC4127}"
EndProject
Project("{FAE04EC0-301F-11D3-BF4B-00C04F79EFBC}") = "LetMeWin", "LetMeWin\LetMeWin\LetMeWin.csproj", "{6AC1D3B6-6EB2-484D-B75D-247C1140AF33}"
EndProject
Project("{FAE04EC0-301F-11D3-BF4B-00C04F79EFBC}") = "MVVMLightFullDemo", "MVVMLightFullDemo\MVVMLightFullDemo.csproj", "{5AF6E511-579E-4C80-8027-64CD57F9086A}"
EndProject
Project("{FAE04EC0-301F-11D3-BF4B-00C04F79EFBC}") = "WpfAppUC", "WpfAppUC\WpfApp1\WpfAppUC.csproj", "{C78FAC18-0879-441B-916C-544859DE816C}"
EndProject
Project("{2150E333-8FDC-42A3-9474-1A3956D46DE8}") = "Wasm.Winforms", "Wasm.Winforms", "{60C13B2D-8668-4706-9AC4-B2F7B639D5BC}"
EndProject
Project("{FAE04EC0-301F-11D3-BF4B-00C04F79EFBC}") = "WindowsFormsApp1", "Wasm.Winforms\WindowsFormsApp1\WindowsFormsApp1.csproj", "{8EFA0AF3-4206-43DF-8C6C-A9B77C0D861E}"
EndProject
Project("{9A19103F-16F7-4668-BE54-9A1E7A4F7556}") = "WebApplication2", "Wasm.Winforms\WebApplication2\WebApplication2.csproj", "{F9E15C80-29B7-4725-A096-FBF23D0C8C17}"
EndProject
Project("{2150E333-8FDC-42A3-9474-1A3956D46DE8}") = "IOCdemo", "IOCdemo", "{3C058ECD-61E1-49FD-A220-D5FC6F203965}"
EndProject
Project("{9A19103F-16F7-4668-BE54-9A1E7A4F7556}") = "BlazorApp1", "BlazorClientSolo\BlazorApp1.csproj", "{D481CE3D-5BCE-486D-8CFB-0F843B959928}"
EndProject
Project("{9A19103F-16F7-4668-BE54-9A1E7A4F7556}") = "BlazorAppPWA", "BlazorAppPWA\BlazorAppPWA.csproj", "{96926C66-A516-433A-A3A5-F3B2BE3B87DD}"
EndProject
Project("{FAE04EC0-301F-11D3-BF4B-00C04F79EFBC}") = "ChromiumWebBrowser-WpfApp1", "ChromiumWebBrowser\ChromiumWebBrowser\ChromiumWebBrowser-WpfApp1.csproj", "{712F3BB7-69C6-45C5-A457-E5395E335B11}"
EndProject
Project("{9A19103F-16F7-4668-BE54-9A1E7A4F7556}") = "FreeSqlConsoleApp", "FreeSqlConsoleApp\FreeSqlConsoleApp.csproj", "{2E53EF9B-90C0-409D-9848-DA8CBE0881D4}"
EndProject
Project("{9A19103F-16F7-4668-BE54-9A1E7A4F7556}") = "BlazorServer", "BlazorServer\BlazorServer.csproj", "{C18EAAEB-CE15-4671-AB68-D1AD19D576B1}"
EndProject
Project("{9A19103F-16F7-4668-BE54-9A1E7A4F7556}") = "WebAPIwithJWT", "WebAPIwithJWT\WebAPIwithJWT.csproj", "{CB8FF099-D914-4205-8674-F05452FE9B05}"
EndProject
Project("{9A19103F-16F7-4668-BE54-9A1E7A4F7556}") = "WebAPIwithSwagger", "WebAPIwithSwagger\WebAPIwithSwagger.csproj", "{79598D21-227F-4560-9D83-26DCE01F3BE0}"
EndProject
Project("{FAE04EC0-301F-11D3-BF4B-00C04F79EFBC}") = "DSAPI_test", "DSAPI\DSAPI_test.csproj", "{CA8F00C4-DD8B-4813-A844-97A9834B5E80}"
EndProject
Project("{2150E333-8FDC-42A3-9474-1A3956D46DE8}") = "DGV", "DGV", "{25DE0F7B-BB0C-463C-AF2D-9769CBC822D3}"
EndProject
Project("{F184B08F-C81C-45F6-A57F-5ABD9991F28F}") = "WindowsDGV操作", "WinformDGV\WindowsDGV操作\WindowsDGV操作.vbproj", "{D1FD1EAA-D6A4-4362-BFFF-D621AD56D336}"
EndProject
Project("{9A19103F-16F7-4668-BE54-9A1E7A4F7556}") = "LettuceEncrypt4core", "LettuceEncrypt4core\LettuceEncrypt4core.csproj", "{2035A9B9-5030-4A71-8E73-C3BC53A50D07}"
EndProject
Project("{9A19103F-16F7-4668-BE54-9A1E7A4F7556}") = "ConsoleAppNet5", "ConsoleAppNet5\ConsoleAppNet5.csproj", "{DEA7D3F9-376F-4722-9DA4-812D3E9729F0}"
EndProject
Project("{9A19103F-16F7-4668-BE54-9A1E7A4F7556}") = "SignalRChat", "SignalRChat\SignalRChat.csproj", "{DDFD6C7C-5234-4FAB-BA8F-447B7A1C78FE}"
EndProject
Project("{9A19103F-16F7-4668-BE54-9A1E7A4F7556}") = "SignalRChatWPF", "SignalRChatWPF\SignalRChatWPF.csproj", "{A89E7649-FA0D-4125-9D0A-7633BCA6EC8A}"
EndProject
Project("{FAE04EC0-301F-11D3-BF4B-00C04F79EFBC}") = "PhotoSwitch_nf461", "PhotoSwitch_nf461\PhotoSwitch_nf461.csproj", "{EF6EE5AA-544E-4B7A-A99C-7E4990432E51}"
EndProject
Project("{FAE04EC0-301F-11D3-BF4B-00C04F79EFBC}") = "dgv", "DGV\dgv\dgv.csproj", "{190BDE69-21E2-4632-A286-A9BEB73285DF}"
EndProject
Project("{FAE04EC0-301F-11D3-BF4B-00C04F79EFBC}") = "DgvSample", "DGV\DgvSample\DgvSample.csproj", "{C96BB1E1-F954-4991-B5C1-EDA4561C8DFD}"
EndProject
Project("{FAE04EC0-301F-11D3-BF4B-00C04F79EFBC}") = "BlazorNlog", "BlazorNlog\BlazorNlog.csproj", "{2E18A979-D1D9-42D2-85C6-CD6C9F2E37F0}"
EndProject
Project("{2150E333-8FDC-42A3-9474-1A3956D46DE8}") = "正则取数字统计人数", "正则取数字统计人数", "{8A06FB96-1681-4F22-9F05-380762F35B5D}"
EndProject
Project("{9A19103F-16F7-4668-BE54-9A1E7A4F7556}") = "ConsoleApp2", "正则取数字统计人数\ConsoleApp2\ConsoleApp2.csproj", "{887CFEFE-4F6D-4B2B-A16E-9A6BF3915359}"
EndProject
Project("{FAE04EC0-301F-11D3-BF4B-00C04F79EFBC}") = "WindowsFormsApp1", "正则取数字统计人数\WindowsFormsApp1\WindowsFormsApp1.csproj", "{50579303-BE37-45D7-94BE-7CF927C06CC3}"
EndProject
Global
	GlobalSection(SolutionConfigurationPlatforms) = preSolution
		Debug|Any CPU = Debug|Any CPU
		Debug|x64 = Debug|x64
		Debug|x86 = Debug|x86
		Release|Any CPU = Release|Any CPU
		Release|x64 = Release|x64
		Release|x86 = Release|x86
	EndGlobalSection
	GlobalSection(ProjectConfigurationPlatforms) = postSolution
		{4A8DD550-CF52-4997-A027-05B0CE3EEBCC}.Debug|Any CPU.ActiveCfg = Debug|Any CPU
		{4A8DD550-CF52-4997-A027-05B0CE3EEBCC}.Debug|Any CPU.Build.0 = Debug|Any CPU
		{4A8DD550-CF52-4997-A027-05B0CE3EEBCC}.Debug|x64.ActiveCfg = Debug|Any CPU
		{4A8DD550-CF52-4997-A027-05B0CE3EEBCC}.Debug|x64.Build.0 = Debug|Any CPU
		{4A8DD550-CF52-4997-A027-05B0CE3EEBCC}.Debug|x86.ActiveCfg = Debug|Any CPU
		{4A8DD550-CF52-4997-A027-05B0CE3EEBCC}.Debug|x86.Build.0 = Debug|Any CPU
		{4A8DD550-CF52-4997-A027-05B0CE3EEBCC}.Release|Any CPU.ActiveCfg = Release|Any CPU
		{4A8DD550-CF52-4997-A027-05B0CE3EEBCC}.Release|Any CPU.Build.0 = Release|Any CPU
		{4A8DD550-CF52-4997-A027-05B0CE3EEBCC}.Release|x64.ActiveCfg = Release|Any CPU
		{4A8DD550-CF52-4997-A027-05B0CE3EEBCC}.Release|x64.Build.0 = Release|Any CPU
		{4A8DD550-CF52-4997-A027-05B0CE3EEBCC}.Release|x86.ActiveCfg = Release|Any CPU
		{4A8DD550-CF52-4997-A027-05B0CE3EEBCC}.Release|x86.Build.0 = Release|Any CPU
		{2BA5149C-EEAB-4002-9CBF-E68EB07647A1}.Debug|Any CPU.ActiveCfg = Debug|Any CPU
		{2BA5149C-EEAB-4002-9CBF-E68EB07647A1}.Debug|Any CPU.Build.0 = Debug|Any CPU
		{2BA5149C-EEAB-4002-9CBF-E68EB07647A1}.Debug|x64.ActiveCfg = Debug|Any CPU
		{2BA5149C-EEAB-4002-9CBF-E68EB07647A1}.Debug|x64.Build.0 = Debug|Any CPU
		{2BA5149C-EEAB-4002-9CBF-E68EB07647A1}.Debug|x86.ActiveCfg = Debug|Any CPU
		{2BA5149C-EEAB-4002-9CBF-E68EB07647A1}.Debug|x86.Build.0 = Debug|Any CPU
		{2BA5149C-EEAB-4002-9CBF-E68EB07647A1}.Release|Any CPU.ActiveCfg = Release|Any CPU
		{2BA5149C-EEAB-4002-9CBF-E68EB07647A1}.Release|Any CPU.Build.0 = Release|Any CPU
		{2BA5149C-EEAB-4002-9CBF-E68EB07647A1}.Release|x64.ActiveCfg = Release|Any CPU
		{2BA5149C-EEAB-4002-9CBF-E68EB07647A1}.Release|x64.Build.0 = Release|Any CPU
		{2BA5149C-EEAB-4002-9CBF-E68EB07647A1}.Release|x86.ActiveCfg = Release|Any CPU
		{2BA5149C-EEAB-4002-9CBF-E68EB07647A1}.Release|x86.Build.0 = Release|Any CPU
		{3715E8D4-4C08-4389-A61F-AB377E589D52}.Debug|Any CPU.ActiveCfg = Debug|Any CPU
		{3715E8D4-4C08-4389-A61F-AB377E589D52}.Debug|Any CPU.Build.0 = Debug|Any CPU
		{3715E8D4-4C08-4389-A61F-AB377E589D52}.Debug|x64.ActiveCfg = Debug|Any CPU
		{3715E8D4-4C08-4389-A61F-AB377E589D52}.Debug|x64.Build.0 = Debug|Any CPU
		{3715E8D4-4C08-4389-A61F-AB377E589D52}.Debug|x86.ActiveCfg = Debug|Any CPU
		{3715E8D4-4C08-4389-A61F-AB377E589D52}.Debug|x86.Build.0 = Debug|Any CPU
		{3715E8D4-4C08-4389-A61F-AB377E589D52}.Release|Any CPU.ActiveCfg = Release|Any CPU
		{3715E8D4-4C08-4389-A61F-AB377E589D52}.Release|Any CPU.Build.0 = Release|Any CPU
		{3715E8D4-4C08-4389-A61F-AB377E589D52}.Release|x64.ActiveCfg = Release|Any CPU
		{3715E8D4-4C08-4389-A61F-AB377E589D52}.Release|x64.Build.0 = Release|Any CPU
		{3715E8D4-4C08-4389-A61F-AB377E589D52}.Release|x86.ActiveCfg = Release|Any CPU
		{3715E8D4-4C08-4389-A61F-AB377E589D52}.Release|x86.Build.0 = Release|Any CPU
		{5BBA0E1C-451B-48A3-B1EE-2A27354B2FC4}.Debug|Any CPU.ActiveCfg = Debug|Any CPU
		{5BBA0E1C-451B-48A3-B1EE-2A27354B2FC4}.Debug|Any CPU.Build.0 = Debug|Any CPU
		{5BBA0E1C-451B-48A3-B1EE-2A27354B2FC4}.Debug|x64.ActiveCfg = Debug|Any CPU
		{5BBA0E1C-451B-48A3-B1EE-2A27354B2FC4}.Debug|x64.Build.0 = Debug|Any CPU
		{5BBA0E1C-451B-48A3-B1EE-2A27354B2FC4}.Debug|x86.ActiveCfg = Debug|Any CPU
		{5BBA0E1C-451B-48A3-B1EE-2A27354B2FC4}.Debug|x86.Build.0 = Debug|Any CPU
		{5BBA0E1C-451B-48A3-B1EE-2A27354B2FC4}.Release|Any CPU.ActiveCfg = Release|Any CPU
		{5BBA0E1C-451B-48A3-B1EE-2A27354B2FC4}.Release|Any CPU.Build.0 = Release|Any CPU
		{5BBA0E1C-451B-48A3-B1EE-2A27354B2FC4}.Release|x64.ActiveCfg = Release|Any CPU
		{5BBA0E1C-451B-48A3-B1EE-2A27354B2FC4}.Release|x64.Build.0 = Release|Any CPU
		{5BBA0E1C-451B-48A3-B1EE-2A27354B2FC4}.Release|x86.ActiveCfg = Release|Any CPU
		{5BBA0E1C-451B-48A3-B1EE-2A27354B2FC4}.Release|x86.Build.0 = Release|Any CPU
		{247B9B90-EFD6-44FE-B67A-B824C5C67735}.Debug|Any CPU.ActiveCfg = Debug|Any CPU
		{247B9B90-EFD6-44FE-B67A-B824C5C67735}.Debug|Any CPU.Build.0 = Debug|Any CPU
		{247B9B90-EFD6-44FE-B67A-B824C5C67735}.Debug|x64.ActiveCfg = Debug|Any CPU
		{247B9B90-EFD6-44FE-B67A-B824C5C67735}.Debug|x64.Build.0 = Debug|Any CPU
		{247B9B90-EFD6-44FE-B67A-B824C5C67735}.Debug|x86.ActiveCfg = Debug|Any CPU
		{247B9B90-EFD6-44FE-B67A-B824C5C67735}.Debug|x86.Build.0 = Debug|Any CPU
		{247B9B90-EFD6-44FE-B67A-B824C5C67735}.Release|Any CPU.ActiveCfg = Release|Any CPU
		{247B9B90-EFD6-44FE-B67A-B824C5C67735}.Release|Any CPU.Build.0 = Release|Any CPU
		{247B9B90-EFD6-44FE-B67A-B824C5C67735}.Release|x64.ActiveCfg = Release|Any CPU
		{247B9B90-EFD6-44FE-B67A-B824C5C67735}.Release|x64.Build.0 = Release|Any CPU
		{247B9B90-EFD6-44FE-B67A-B824C5C67735}.Release|x86.ActiveCfg = Release|Any CPU
		{247B9B90-EFD6-44FE-B67A-B824C5C67735}.Release|x86.Build.0 = Release|Any CPU
		{D8D8DE7D-F1EF-47CC-BDC5-FA032A936A5C}.Debug|Any CPU.ActiveCfg = Debug|Any CPU
		{D8D8DE7D-F1EF-47CC-BDC5-FA032A936A5C}.Debug|Any CPU.Build.0 = Debug|Any CPU
		{D8D8DE7D-F1EF-47CC-BDC5-FA032A936A5C}.Debug|x64.ActiveCfg = Debug|Any CPU
		{D8D8DE7D-F1EF-47CC-BDC5-FA032A936A5C}.Debug|x64.Build.0 = Debug|Any CPU
		{D8D8DE7D-F1EF-47CC-BDC5-FA032A936A5C}.Debug|x86.ActiveCfg = Debug|Any CPU
		{D8D8DE7D-F1EF-47CC-BDC5-FA032A936A5C}.Debug|x86.Build.0 = Debug|Any CPU
		{D8D8DE7D-F1EF-47CC-BDC5-FA032A936A5C}.Release|Any CPU.ActiveCfg = Release|Any CPU
		{D8D8DE7D-F1EF-47CC-BDC5-FA032A936A5C}.Release|Any CPU.Build.0 = Release|Any CPU
		{D8D8DE7D-F1EF-47CC-BDC5-FA032A936A5C}.Release|x64.ActiveCfg = Release|Any CPU
		{D8D8DE7D-F1EF-47CC-BDC5-FA032A936A5C}.Release|x64.Build.0 = Release|Any CPU
		{D8D8DE7D-F1EF-47CC-BDC5-FA032A936A5C}.Release|x86.ActiveCfg = Release|Any CPU
		{D8D8DE7D-F1EF-47CC-BDC5-FA032A936A5C}.Release|x86.Build.0 = Release|Any CPU
		{886F109A-51CE-43A8-8F07-5E158EEA310E}.Debug|Any CPU.ActiveCfg = Debug|Any CPU
		{886F109A-51CE-43A8-8F07-5E158EEA310E}.Debug|Any CPU.Build.0 = Debug|Any CPU
		{886F109A-51CE-43A8-8F07-5E158EEA310E}.Debug|x64.ActiveCfg = Debug|Any CPU
		{886F109A-51CE-43A8-8F07-5E158EEA310E}.Debug|x64.Build.0 = Debug|Any CPU
		{886F109A-51CE-43A8-8F07-5E158EEA310E}.Debug|x86.ActiveCfg = Debug|Any CPU
		{886F109A-51CE-43A8-8F07-5E158EEA310E}.Debug|x86.Build.0 = Debug|Any CPU
		{886F109A-51CE-43A8-8F07-5E158EEA310E}.Release|Any CPU.ActiveCfg = Release|Any CPU
		{886F109A-51CE-43A8-8F07-5E158EEA310E}.Release|Any CPU.Build.0 = Release|Any CPU
		{886F109A-51CE-43A8-8F07-5E158EEA310E}.Release|x64.ActiveCfg = Release|Any CPU
		{886F109A-51CE-43A8-8F07-5E158EEA310E}.Release|x64.Build.0 = Release|Any CPU
		{886F109A-51CE-43A8-8F07-5E158EEA310E}.Release|x86.ActiveCfg = Release|Any CPU
		{886F109A-51CE-43A8-8F07-5E158EEA310E}.Release|x86.Build.0 = Release|Any CPU
		{EAEDADD6-A234-4373-B3C5-E7E1FEFD6B71}.Debug|Any CPU.ActiveCfg = Debug|Any CPU
		{EAEDADD6-A234-4373-B3C5-E7E1FEFD6B71}.Debug|Any CPU.Build.0 = Debug|Any CPU
		{EAEDADD6-A234-4373-B3C5-E7E1FEFD6B71}.Debug|x64.ActiveCfg = Debug|Any CPU
		{EAEDADD6-A234-4373-B3C5-E7E1FEFD6B71}.Debug|x64.Build.0 = Debug|Any CPU
		{EAEDADD6-A234-4373-B3C5-E7E1FEFD6B71}.Debug|x86.ActiveCfg = Debug|Any CPU
		{EAEDADD6-A234-4373-B3C5-E7E1FEFD6B71}.Debug|x86.Build.0 = Debug|Any CPU
		{EAEDADD6-A234-4373-B3C5-E7E1FEFD6B71}.Release|Any CPU.ActiveCfg = Release|Any CPU
		{EAEDADD6-A234-4373-B3C5-E7E1FEFD6B71}.Release|Any CPU.Build.0 = Release|Any CPU
		{EAEDADD6-A234-4373-B3C5-E7E1FEFD6B71}.Release|x64.ActiveCfg = Release|Any CPU
		{EAEDADD6-A234-4373-B3C5-E7E1FEFD6B71}.Release|x64.Build.0 = Release|Any CPU
		{EAEDADD6-A234-4373-B3C5-E7E1FEFD6B71}.Release|x86.ActiveCfg = Release|Any CPU
		{EAEDADD6-A234-4373-B3C5-E7E1FEFD6B71}.Release|x86.Build.0 = Release|Any CPU
		{EE6180B3-6DE2-401E-9C8B-084E9ABC4127}.Debug|Any CPU.ActiveCfg = Debug|Any CPU
		{EE6180B3-6DE2-401E-9C8B-084E9ABC4127}.Debug|Any CPU.Build.0 = Debug|Any CPU
		{EE6180B3-6DE2-401E-9C8B-084E9ABC4127}.Debug|x64.ActiveCfg = Debug|Any CPU
		{EE6180B3-6DE2-401E-9C8B-084E9ABC4127}.Debug|x64.Build.0 = Debug|Any CPU
		{EE6180B3-6DE2-401E-9C8B-084E9ABC4127}.Debug|x86.ActiveCfg = Debug|Any CPU
		{EE6180B3-6DE2-401E-9C8B-084E9ABC4127}.Debug|x86.Build.0 = Debug|Any CPU
		{EE6180B3-6DE2-401E-9C8B-084E9ABC4127}.Release|Any CPU.ActiveCfg = Release|Any CPU
		{EE6180B3-6DE2-401E-9C8B-084E9ABC4127}.Release|Any CPU.Build.0 = Release|Any CPU
		{EE6180B3-6DE2-401E-9C8B-084E9ABC4127}.Release|x64.ActiveCfg = Release|Any CPU
		{EE6180B3-6DE2-401E-9C8B-084E9ABC4127}.Release|x64.Build.0 = Release|Any CPU
		{EE6180B3-6DE2-401E-9C8B-084E9ABC4127}.Release|x86.ActiveCfg = Release|Any CPU
		{EE6180B3-6DE2-401E-9C8B-084E9ABC4127}.Release|x86.Build.0 = Release|Any CPU
		{6AC1D3B6-6EB2-484D-B75D-247C1140AF33}.Debug|Any CPU.ActiveCfg = Debug|Any CPU
		{6AC1D3B6-6EB2-484D-B75D-247C1140AF33}.Debug|Any CPU.Build.0 = Debug|Any CPU
		{6AC1D3B6-6EB2-484D-B75D-247C1140AF33}.Debug|x64.ActiveCfg = Debug|Any CPU
		{6AC1D3B6-6EB2-484D-B75D-247C1140AF33}.Debug|x64.Build.0 = Debug|Any CPU
		{6AC1D3B6-6EB2-484D-B75D-247C1140AF33}.Debug|x86.ActiveCfg = Debug|Any CPU
		{6AC1D3B6-6EB2-484D-B75D-247C1140AF33}.Debug|x86.Build.0 = Debug|Any CPU
		{6AC1D3B6-6EB2-484D-B75D-247C1140AF33}.Release|Any CPU.ActiveCfg = Release|Any CPU
		{6AC1D3B6-6EB2-484D-B75D-247C1140AF33}.Release|Any CPU.Build.0 = Release|Any CPU
		{6AC1D3B6-6EB2-484D-B75D-247C1140AF33}.Release|x64.ActiveCfg = Release|Any CPU
		{6AC1D3B6-6EB2-484D-B75D-247C1140AF33}.Release|x64.Build.0 = Release|Any CPU
		{6AC1D3B6-6EB2-484D-B75D-247C1140AF33}.Release|x86.ActiveCfg = Release|Any CPU
		{6AC1D3B6-6EB2-484D-B75D-247C1140AF33}.Release|x86.Build.0 = Release|Any CPU
		{5AF6E511-579E-4C80-8027-64CD57F9086A}.Debug|Any CPU.ActiveCfg = Debug|x86
		{5AF6E511-579E-4C80-8027-64CD57F9086A}.Debug|x64.ActiveCfg = Debug|x86
		{5AF6E511-579E-4C80-8027-64CD57F9086A}.Debug|x86.ActiveCfg = Debug|x86
		{5AF6E511-579E-4C80-8027-64CD57F9086A}.Debug|x86.Build.0 = Debug|x86
		{5AF6E511-579E-4C80-8027-64CD57F9086A}.Release|Any CPU.ActiveCfg = Release|x86
		{5AF6E511-579E-4C80-8027-64CD57F9086A}.Release|x64.ActiveCfg = Release|x86
		{5AF6E511-579E-4C80-8027-64CD57F9086A}.Release|x86.ActiveCfg = Release|x86
		{5AF6E511-579E-4C80-8027-64CD57F9086A}.Release|x86.Build.0 = Release|x86
		{C78FAC18-0879-441B-916C-544859DE816C}.Debug|Any CPU.ActiveCfg = Debug|Any CPU
		{C78FAC18-0879-441B-916C-544859DE816C}.Debug|Any CPU.Build.0 = Debug|Any CPU
		{C78FAC18-0879-441B-916C-544859DE816C}.Debug|x64.ActiveCfg = Debug|Any CPU
		{C78FAC18-0879-441B-916C-544859DE816C}.Debug|x64.Build.0 = Debug|Any CPU
		{C78FAC18-0879-441B-916C-544859DE816C}.Debug|x86.ActiveCfg = Debug|Any CPU
		{C78FAC18-0879-441B-916C-544859DE816C}.Debug|x86.Build.0 = Debug|Any CPU
		{C78FAC18-0879-441B-916C-544859DE816C}.Release|Any CPU.ActiveCfg = Release|Any CPU
		{C78FAC18-0879-441B-916C-544859DE816C}.Release|Any CPU.Build.0 = Release|Any CPU
		{C78FAC18-0879-441B-916C-544859DE816C}.Release|x64.ActiveCfg = Release|Any CPU
		{C78FAC18-0879-441B-916C-544859DE816C}.Release|x64.Build.0 = Release|Any CPU
		{C78FAC18-0879-441B-916C-544859DE816C}.Release|x86.ActiveCfg = Release|Any CPU
		{C78FAC18-0879-441B-916C-544859DE816C}.Release|x86.Build.0 = Release|Any CPU
		{8EFA0AF3-4206-43DF-8C6C-A9B77C0D861E}.Debug|Any CPU.ActiveCfg = Debug|Any CPU
		{8EFA0AF3-4206-43DF-8C6C-A9B77C0D861E}.Debug|Any CPU.Build.0 = Debug|Any CPU
		{8EFA0AF3-4206-43DF-8C6C-A9B77C0D861E}.Debug|x64.ActiveCfg = Debug|Any CPU
		{8EFA0AF3-4206-43DF-8C6C-A9B77C0D861E}.Debug|x64.Build.0 = Debug|Any CPU
		{8EFA0AF3-4206-43DF-8C6C-A9B77C0D861E}.Debug|x86.ActiveCfg = Debug|Any CPU
		{8EFA0AF3-4206-43DF-8C6C-A9B77C0D861E}.Debug|x86.Build.0 = Debug|Any CPU
		{8EFA0AF3-4206-43DF-8C6C-A9B77C0D861E}.Release|Any CPU.ActiveCfg = Release|Any CPU
		{8EFA0AF3-4206-43DF-8C6C-A9B77C0D861E}.Release|Any CPU.Build.0 = Release|Any CPU
		{8EFA0AF3-4206-43DF-8C6C-A9B77C0D861E}.Release|x64.ActiveCfg = Release|Any CPU
		{8EFA0AF3-4206-43DF-8C6C-A9B77C0D861E}.Release|x64.Build.0 = Release|Any CPU
		{8EFA0AF3-4206-43DF-8C6C-A9B77C0D861E}.Release|x86.ActiveCfg = Release|Any CPU
		{8EFA0AF3-4206-43DF-8C6C-A9B77C0D861E}.Release|x86.Build.0 = Release|Any CPU
		{F9E15C80-29B7-4725-A096-FBF23D0C8C17}.Debug|Any CPU.ActiveCfg = Debug|Any CPU
		{F9E15C80-29B7-4725-A096-FBF23D0C8C17}.Debug|Any CPU.Build.0 = Debug|Any CPU
		{F9E15C80-29B7-4725-A096-FBF23D0C8C17}.Debug|x64.ActiveCfg = Debug|Any CPU
		{F9E15C80-29B7-4725-A096-FBF23D0C8C17}.Debug|x64.Build.0 = Debug|Any CPU
		{F9E15C80-29B7-4725-A096-FBF23D0C8C17}.Debug|x86.ActiveCfg = Debug|Any CPU
		{F9E15C80-29B7-4725-A096-FBF23D0C8C17}.Debug|x86.Build.0 = Debug|Any CPU
		{F9E15C80-29B7-4725-A096-FBF23D0C8C17}.Release|Any CPU.ActiveCfg = Release|Any CPU
		{F9E15C80-29B7-4725-A096-FBF23D0C8C17}.Release|Any CPU.Build.0 = Release|Any CPU
		{F9E15C80-29B7-4725-A096-FBF23D0C8C17}.Release|x64.ActiveCfg = Release|Any CPU
		{F9E15C80-29B7-4725-A096-FBF23D0C8C17}.Release|x64.Build.0 = Release|Any CPU
		{F9E15C80-29B7-4725-A096-FBF23D0C8C17}.Release|x86.ActiveCfg = Release|Any CPU
		{F9E15C80-29B7-4725-A096-FBF23D0C8C17}.Release|x86.Build.0 = Release|Any CPU
		{D481CE3D-5BCE-486D-8CFB-0F843B959928}.Debug|Any CPU.ActiveCfg = Debug|Any CPU
		{D481CE3D-5BCE-486D-8CFB-0F843B959928}.Debug|Any CPU.Build.0 = Debug|Any CPU
		{D481CE3D-5BCE-486D-8CFB-0F843B959928}.Debug|x64.ActiveCfg = Debug|Any CPU
		{D481CE3D-5BCE-486D-8CFB-0F843B959928}.Debug|x64.Build.0 = Debug|Any CPU
		{D481CE3D-5BCE-486D-8CFB-0F843B959928}.Debug|x86.ActiveCfg = Debug|Any CPU
		{D481CE3D-5BCE-486D-8CFB-0F843B959928}.Debug|x86.Build.0 = Debug|Any CPU
		{D481CE3D-5BCE-486D-8CFB-0F843B959928}.Release|Any CPU.ActiveCfg = Release|Any CPU
		{D481CE3D-5BCE-486D-8CFB-0F843B959928}.Release|Any CPU.Build.0 = Release|Any CPU
		{D481CE3D-5BCE-486D-8CFB-0F843B959928}.Release|x64.ActiveCfg = Release|Any CPU
		{D481CE3D-5BCE-486D-8CFB-0F843B959928}.Release|x64.Build.0 = Release|Any CPU
		{D481CE3D-5BCE-486D-8CFB-0F843B959928}.Release|x86.ActiveCfg = Release|Any CPU
		{D481CE3D-5BCE-486D-8CFB-0F843B959928}.Release|x86.Build.0 = Release|Any CPU
		{96926C66-A516-433A-A3A5-F3B2BE3B87DD}.Debug|Any CPU.ActiveCfg = Debug|Any CPU
		{96926C66-A516-433A-A3A5-F3B2BE3B87DD}.Debug|Any CPU.Build.0 = Debug|Any CPU
		{96926C66-A516-433A-A3A5-F3B2BE3B87DD}.Debug|x64.ActiveCfg = Debug|Any CPU
		{96926C66-A516-433A-A3A5-F3B2BE3B87DD}.Debug|x64.Build.0 = Debug|Any CPU
		{96926C66-A516-433A-A3A5-F3B2BE3B87DD}.Debug|x86.ActiveCfg = Debug|Any CPU
		{96926C66-A516-433A-A3A5-F3B2BE3B87DD}.Debug|x86.Build.0 = Debug|Any CPU
		{96926C66-A516-433A-A3A5-F3B2BE3B87DD}.Release|Any CPU.ActiveCfg = Release|Any CPU
		{96926C66-A516-433A-A3A5-F3B2BE3B87DD}.Release|Any CPU.Build.0 = Release|Any CPU
		{96926C66-A516-433A-A3A5-F3B2BE3B87DD}.Release|x64.ActiveCfg = Release|Any CPU
		{96926C66-A516-433A-A3A5-F3B2BE3B87DD}.Release|x64.Build.0 = Release|Any CPU
		{96926C66-A516-433A-A3A5-F3B2BE3B87DD}.Release|x86.ActiveCfg = Release|Any CPU
		{96926C66-A516-433A-A3A5-F3B2BE3B87DD}.Release|x86.Build.0 = Release|Any CPU
		{712F3BB7-69C6-45C5-A457-E5395E335B11}.Debug|Any CPU.ActiveCfg = Debug|Any CPU
		{712F3BB7-69C6-45C5-A457-E5395E335B11}.Debug|Any CPU.Build.0 = Debug|Any CPU
		{712F3BB7-69C6-45C5-A457-E5395E335B11}.Debug|x64.ActiveCfg = Debug|x64
		{712F3BB7-69C6-45C5-A457-E5395E335B11}.Debug|x64.Build.0 = Debug|x64
		{712F3BB7-69C6-45C5-A457-E5395E335B11}.Debug|x86.ActiveCfg = Debug|x86
		{712F3BB7-69C6-45C5-A457-E5395E335B11}.Debug|x86.Build.0 = Debug|x86
		{712F3BB7-69C6-45C5-A457-E5395E335B11}.Release|Any CPU.ActiveCfg = Release|Any CPU
		{712F3BB7-69C6-45C5-A457-E5395E335B11}.Release|Any CPU.Build.0 = Release|Any CPU
		{712F3BB7-69C6-45C5-A457-E5395E335B11}.Release|x64.ActiveCfg = Release|x64
		{712F3BB7-69C6-45C5-A457-E5395E335B11}.Release|x64.Build.0 = Release|x64
		{712F3BB7-69C6-45C5-A457-E5395E335B11}.Release|x86.ActiveCfg = Release|x86
		{712F3BB7-69C6-45C5-A457-E5395E335B11}.Release|x86.Build.0 = Release|x86
		{2E53EF9B-90C0-409D-9848-DA8CBE0881D4}.Debug|Any CPU.ActiveCfg = Debug|Any CPU
		{2E53EF9B-90C0-409D-9848-DA8CBE0881D4}.Debug|Any CPU.Build.0 = Debug|Any CPU
		{2E53EF9B-90C0-409D-9848-DA8CBE0881D4}.Debug|x64.ActiveCfg = Debug|Any CPU
		{2E53EF9B-90C0-409D-9848-DA8CBE0881D4}.Debug|x64.Build.0 = Debug|Any CPU
		{2E53EF9B-90C0-409D-9848-DA8CBE0881D4}.Debug|x86.ActiveCfg = Debug|Any CPU
		{2E53EF9B-90C0-409D-9848-DA8CBE0881D4}.Debug|x86.Build.0 = Debug|Any CPU
		{2E53EF9B-90C0-409D-9848-DA8CBE0881D4}.Release|Any CPU.ActiveCfg = Release|Any CPU
		{2E53EF9B-90C0-409D-9848-DA8CBE0881D4}.Release|Any CPU.Build.0 = Release|Any CPU
		{2E53EF9B-90C0-409D-9848-DA8CBE0881D4}.Release|x64.ActiveCfg = Release|Any CPU
		{2E53EF9B-90C0-409D-9848-DA8CBE0881D4}.Release|x64.Build.0 = Release|Any CPU
		{2E53EF9B-90C0-409D-9848-DA8CBE0881D4}.Release|x86.ActiveCfg = Release|Any CPU
		{2E53EF9B-90C0-409D-9848-DA8CBE0881D4}.Release|x86.Build.0 = Release|Any CPU
		{C18EAAEB-CE15-4671-AB68-D1AD19D576B1}.Debug|Any CPU.ActiveCfg = Debug|Any CPU
		{C18EAAEB-CE15-4671-AB68-D1AD19D576B1}.Debug|Any CPU.Build.0 = Debug|Any CPU
		{C18EAAEB-CE15-4671-AB68-D1AD19D576B1}.Debug|x64.ActiveCfg = Debug|Any CPU
		{C18EAAEB-CE15-4671-AB68-D1AD19D576B1}.Debug|x64.Build.0 = Debug|Any CPU
		{C18EAAEB-CE15-4671-AB68-D1AD19D576B1}.Debug|x86.ActiveCfg = Debug|Any CPU
		{C18EAAEB-CE15-4671-AB68-D1AD19D576B1}.Debug|x86.Build.0 = Debug|Any CPU
		{C18EAAEB-CE15-4671-AB68-D1AD19D576B1}.Release|Any CPU.ActiveCfg = Release|Any CPU
		{C18EAAEB-CE15-4671-AB68-D1AD19D576B1}.Release|Any CPU.Build.0 = Release|Any CPU
		{C18EAAEB-CE15-4671-AB68-D1AD19D576B1}.Release|x64.ActiveCfg = Release|Any CPU
		{C18EAAEB-CE15-4671-AB68-D1AD19D576B1}.Release|x64.Build.0 = Release|Any CPU
		{C18EAAEB-CE15-4671-AB68-D1AD19D576B1}.Release|x86.ActiveCfg = Release|Any CPU
		{C18EAAEB-CE15-4671-AB68-D1AD19D576B1}.Release|x86.Build.0 = Release|Any CPU
		{CB8FF099-D914-4205-8674-F05452FE9B05}.Debug|Any CPU.ActiveCfg = Debug|Any CPU
		{CB8FF099-D914-4205-8674-F05452FE9B05}.Debug|Any CPU.Build.0 = Debug|Any CPU
		{CB8FF099-D914-4205-8674-F05452FE9B05}.Debug|x64.ActiveCfg = Debug|Any CPU
		{CB8FF099-D914-4205-8674-F05452FE9B05}.Debug|x64.Build.0 = Debug|Any CPU
		{CB8FF099-D914-4205-8674-F05452FE9B05}.Debug|x86.ActiveCfg = Debug|Any CPU
		{CB8FF099-D914-4205-8674-F05452FE9B05}.Debug|x86.Build.0 = Debug|Any CPU
		{CB8FF099-D914-4205-8674-F05452FE9B05}.Release|Any CPU.ActiveCfg = Release|Any CPU
		{CB8FF099-D914-4205-8674-F05452FE9B05}.Release|Any CPU.Build.0 = Release|Any CPU
		{CB8FF099-D914-4205-8674-F05452FE9B05}.Release|x64.ActiveCfg = Release|Any CPU
		{CB8FF099-D914-4205-8674-F05452FE9B05}.Release|x64.Build.0 = Release|Any CPU
		{CB8FF099-D914-4205-8674-F05452FE9B05}.Release|x86.ActiveCfg = Release|Any CPU
		{CB8FF099-D914-4205-8674-F05452FE9B05}.Release|x86.Build.0 = Release|Any CPU
		{79598D21-227F-4560-9D83-26DCE01F3BE0}.Debug|Any CPU.ActiveCfg = Debug|Any CPU
		{79598D21-227F-4560-9D83-26DCE01F3BE0}.Debug|Any CPU.Build.0 = Debug|Any CPU
		{79598D21-227F-4560-9D83-26DCE01F3BE0}.Debug|x64.ActiveCfg = Debug|Any CPU
		{79598D21-227F-4560-9D83-26DCE01F3BE0}.Debug|x64.Build.0 = Debug|Any CPU
		{79598D21-227F-4560-9D83-26DCE01F3BE0}.Debug|x86.ActiveCfg = Debug|Any CPU
		{79598D21-227F-4560-9D83-26DCE01F3BE0}.Debug|x86.Build.0 = Debug|Any CPU
		{79598D21-227F-4560-9D83-26DCE01F3BE0}.Release|Any CPU.ActiveCfg = Release|Any CPU
		{79598D21-227F-4560-9D83-26DCE01F3BE0}.Release|Any CPU.Build.0 = Release|Any CPU
		{79598D21-227F-4560-9D83-26DCE01F3BE0}.Release|x64.ActiveCfg = Release|Any CPU
		{79598D21-227F-4560-9D83-26DCE01F3BE0}.Release|x64.Build.0 = Release|Any CPU
		{79598D21-227F-4560-9D83-26DCE01F3BE0}.Release|x86.ActiveCfg = Release|Any CPU
		{79598D21-227F-4560-9D83-26DCE01F3BE0}.Release|x86.Build.0 = Release|Any CPU
		{CA8F00C4-DD8B-4813-A844-97A9834B5E80}.Debug|Any CPU.ActiveCfg = Debug|Any CPU
		{CA8F00C4-DD8B-4813-A844-97A9834B5E80}.Debug|Any CPU.Build.0 = Debug|Any CPU
		{CA8F00C4-DD8B-4813-A844-97A9834B5E80}.Debug|x64.ActiveCfg = Debug|Any CPU
		{CA8F00C4-DD8B-4813-A844-97A9834B5E80}.Debug|x64.Build.0 = Debug|Any CPU
		{CA8F00C4-DD8B-4813-A844-97A9834B5E80}.Debug|x86.ActiveCfg = Debug|Any CPU
		{CA8F00C4-DD8B-4813-A844-97A9834B5E80}.Debug|x86.Build.0 = Debug|Any CPU
		{CA8F00C4-DD8B-4813-A844-97A9834B5E80}.Release|Any CPU.ActiveCfg = Release|Any CPU
		{CA8F00C4-DD8B-4813-A844-97A9834B5E80}.Release|Any CPU.Build.0 = Release|Any CPU
		{CA8F00C4-DD8B-4813-A844-97A9834B5E80}.Release|x64.ActiveCfg = Release|Any CPU
		{CA8F00C4-DD8B-4813-A844-97A9834B5E80}.Release|x64.Build.0 = Release|Any CPU
		{CA8F00C4-DD8B-4813-A844-97A9834B5E80}.Release|x86.ActiveCfg = Release|Any CPU
		{CA8F00C4-DD8B-4813-A844-97A9834B5E80}.Release|x86.Build.0 = Release|Any CPU
		{D1FD1EAA-D6A4-4362-BFFF-D621AD56D336}.Debug|Any CPU.ActiveCfg = Debug|Any CPU
		{D1FD1EAA-D6A4-4362-BFFF-D621AD56D336}.Debug|Any CPU.Build.0 = Debug|Any CPU
		{D1FD1EAA-D6A4-4362-BFFF-D621AD56D336}.Debug|x64.ActiveCfg = Debug|Any CPU
		{D1FD1EAA-D6A4-4362-BFFF-D621AD56D336}.Debug|x64.Build.0 = Debug|Any CPU
		{D1FD1EAA-D6A4-4362-BFFF-D621AD56D336}.Debug|x86.ActiveCfg = Debug|Any CPU
		{D1FD1EAA-D6A4-4362-BFFF-D621AD56D336}.Debug|x86.Build.0 = Debug|Any CPU
		{D1FD1EAA-D6A4-4362-BFFF-D621AD56D336}.Release|Any CPU.ActiveCfg = Release|Any CPU
		{D1FD1EAA-D6A4-4362-BFFF-D621AD56D336}.Release|Any CPU.Build.0 = Release|Any CPU
		{D1FD1EAA-D6A4-4362-BFFF-D621AD56D336}.Release|x64.ActiveCfg = Release|Any CPU
		{D1FD1EAA-D6A4-4362-BFFF-D621AD56D336}.Release|x64.Build.0 = Release|Any CPU
		{D1FD1EAA-D6A4-4362-BFFF-D621AD56D336}.Release|x86.ActiveCfg = Release|Any CPU
		{D1FD1EAA-D6A4-4362-BFFF-D621AD56D336}.Release|x86.Build.0 = Release|Any CPU
		{2035A9B9-5030-4A71-8E73-C3BC53A50D07}.Debug|Any CPU.ActiveCfg = Debug|Any CPU
		{2035A9B9-5030-4A71-8E73-C3BC53A50D07}.Debug|Any CPU.Build.0 = Debug|Any CPU
		{2035A9B9-5030-4A71-8E73-C3BC53A50D07}.Debug|x64.ActiveCfg = Debug|Any CPU
		{2035A9B9-5030-4A71-8E73-C3BC53A50D07}.Debug|x64.Build.0 = Debug|Any CPU
		{2035A9B9-5030-4A71-8E73-C3BC53A50D07}.Debug|x86.ActiveCfg = Debug|Any CPU
		{2035A9B9-5030-4A71-8E73-C3BC53A50D07}.Debug|x86.Build.0 = Debug|Any CPU
		{2035A9B9-5030-4A71-8E73-C3BC53A50D07}.Release|Any CPU.ActiveCfg = Release|Any CPU
		{2035A9B9-5030-4A71-8E73-C3BC53A50D07}.Release|Any CPU.Build.0 = Release|Any CPU
		{2035A9B9-5030-4A71-8E73-C3BC53A50D07}.Release|x64.ActiveCfg = Release|Any CPU
		{2035A9B9-5030-4A71-8E73-C3BC53A50D07}.Release|x64.Build.0 = Release|Any CPU
		{2035A9B9-5030-4A71-8E73-C3BC53A50D07}.Release|x86.ActiveCfg = Release|Any CPU
		{2035A9B9-5030-4A71-8E73-C3BC53A50D07}.Release|x86.Build.0 = Release|Any CPU
		{DEA7D3F9-376F-4722-9DA4-812D3E9729F0}.Debug|Any CPU.ActiveCfg = Debug|Any CPU
		{DEA7D3F9-376F-4722-9DA4-812D3E9729F0}.Debug|Any CPU.Build.0 = Debug|Any CPU
		{DEA7D3F9-376F-4722-9DA4-812D3E9729F0}.Debug|x64.ActiveCfg = Debug|Any CPU
		{DEA7D3F9-376F-4722-9DA4-812D3E9729F0}.Debug|x64.Build.0 = Debug|Any CPU
		{DEA7D3F9-376F-4722-9DA4-812D3E9729F0}.Debug|x86.ActiveCfg = Debug|Any CPU
		{DEA7D3F9-376F-4722-9DA4-812D3E9729F0}.Debug|x86.Build.0 = Debug|Any CPU
		{DEA7D3F9-376F-4722-9DA4-812D3E9729F0}.Release|Any CPU.ActiveCfg = Release|Any CPU
		{DEA7D3F9-376F-4722-9DA4-812D3E9729F0}.Release|Any CPU.Build.0 = Release|Any CPU
		{DEA7D3F9-376F-4722-9DA4-812D3E9729F0}.Release|x64.ActiveCfg = Release|Any CPU
		{DEA7D3F9-376F-4722-9DA4-812D3E9729F0}.Release|x64.Build.0 = Release|Any CPU
		{DEA7D3F9-376F-4722-9DA4-812D3E9729F0}.Release|x86.ActiveCfg = Release|Any CPU
		{DEA7D3F9-376F-4722-9DA4-812D3E9729F0}.Release|x86.Build.0 = Release|Any CPU
		{DDFD6C7C-5234-4FAB-BA8F-447B7A1C78FE}.Debug|Any CPU.ActiveCfg = Debug|Any CPU
		{DDFD6C7C-5234-4FAB-BA8F-447B7A1C78FE}.Debug|Any CPU.Build.0 = Debug|Any CPU
		{DDFD6C7C-5234-4FAB-BA8F-447B7A1C78FE}.Debug|x64.ActiveCfg = Debug|Any CPU
		{DDFD6C7C-5234-4FAB-BA8F-447B7A1C78FE}.Debug|x64.Build.0 = Debug|Any CPU
		{DDFD6C7C-5234-4FAB-BA8F-447B7A1C78FE}.Debug|x86.ActiveCfg = Debug|Any CPU
		{DDFD6C7C-5234-4FAB-BA8F-447B7A1C78FE}.Debug|x86.Build.0 = Debug|Any CPU
		{DDFD6C7C-5234-4FAB-BA8F-447B7A1C78FE}.Release|Any CPU.ActiveCfg = Release|Any CPU
		{DDFD6C7C-5234-4FAB-BA8F-447B7A1C78FE}.Release|Any CPU.Build.0 = Release|Any CPU
		{DDFD6C7C-5234-4FAB-BA8F-447B7A1C78FE}.Release|x64.ActiveCfg = Release|Any CPU
		{DDFD6C7C-5234-4FAB-BA8F-447B7A1C78FE}.Release|x64.Build.0 = Release|Any CPU
		{DDFD6C7C-5234-4FAB-BA8F-447B7A1C78FE}.Release|x86.ActiveCfg = Release|Any CPU
		{DDFD6C7C-5234-4FAB-BA8F-447B7A1C78FE}.Release|x86.Build.0 = Release|Any CPU
		{A89E7649-FA0D-4125-9D0A-7633BCA6EC8A}.Debug|Any CPU.ActiveCfg = Debug|Any CPU
		{A89E7649-FA0D-4125-9D0A-7633BCA6EC8A}.Debug|Any CPU.Build.0 = Debug|Any CPU
		{A89E7649-FA0D-4125-9D0A-7633BCA6EC8A}.Debug|x64.ActiveCfg = Debug|Any CPU
		{A89E7649-FA0D-4125-9D0A-7633BCA6EC8A}.Debug|x64.Build.0 = Debug|Any CPU
		{A89E7649-FA0D-4125-9D0A-7633BCA6EC8A}.Debug|x86.ActiveCfg = Debug|Any CPU
		{A89E7649-FA0D-4125-9D0A-7633BCA6EC8A}.Debug|x86.Build.0 = Debug|Any CPU
		{A89E7649-FA0D-4125-9D0A-7633BCA6EC8A}.Release|Any CPU.ActiveCfg = Release|Any CPU
		{A89E7649-FA0D-4125-9D0A-7633BCA6EC8A}.Release|Any CPU.Build.0 = Release|Any CPU
		{A89E7649-FA0D-4125-9D0A-7633BCA6EC8A}.Release|x64.ActiveCfg = Release|Any CPU
		{A89E7649-FA0D-4125-9D0A-7633BCA6EC8A}.Release|x64.Build.0 = Release|Any CPU
		{A89E7649-FA0D-4125-9D0A-7633BCA6EC8A}.Release|x86.ActiveCfg = Release|Any CPU
		{A89E7649-FA0D-4125-9D0A-7633BCA6EC8A}.Release|x86.Build.0 = Release|Any CPU
		{EF6EE5AA-544E-4B7A-A99C-7E4990432E51}.Debug|Any CPU.ActiveCfg = Debug|Any CPU
		{EF6EE5AA-544E-4B7A-A99C-7E4990432E51}.Debug|Any CPU.Build.0 = Debug|Any CPU
		{EF6EE5AA-544E-4B7A-A99C-7E4990432E51}.Debug|x64.ActiveCfg = Debug|Any CPU
		{EF6EE5AA-544E-4B7A-A99C-7E4990432E51}.Debug|x64.Build.0 = Debug|Any CPU
		{EF6EE5AA-544E-4B7A-A99C-7E4990432E51}.Debug|x86.ActiveCfg = Debug|Any CPU
		{EF6EE5AA-544E-4B7A-A99C-7E4990432E51}.Debug|x86.Build.0 = Debug|Any CPU
		{EF6EE5AA-544E-4B7A-A99C-7E4990432E51}.Release|Any CPU.ActiveCfg = Release|Any CPU
		{EF6EE5AA-544E-4B7A-A99C-7E4990432E51}.Release|Any CPU.Build.0 = Release|Any CPU
		{EF6EE5AA-544E-4B7A-A99C-7E4990432E51}.Release|x64.ActiveCfg = Release|Any CPU
		{EF6EE5AA-544E-4B7A-A99C-7E4990432E51}.Release|x64.Build.0 = Release|Any CPU
		{EF6EE5AA-544E-4B7A-A99C-7E4990432E51}.Release|x86.ActiveCfg = Release|Any CPU
		{EF6EE5AA-544E-4B7A-A99C-7E4990432E51}.Release|x86.Build.0 = Release|Any CPU
		{190BDE69-21E2-4632-A286-A9BEB73285DF}.Debug|Any CPU.ActiveCfg = Debug|Any CPU
		{190BDE69-21E2-4632-A286-A9BEB73285DF}.Debug|Any CPU.Build.0 = Debug|Any CPU
		{190BDE69-21E2-4632-A286-A9BEB73285DF}.Debug|x64.ActiveCfg = Debug|Any CPU
		{190BDE69-21E2-4632-A286-A9BEB73285DF}.Debug|x64.Build.0 = Debug|Any CPU
		{190BDE69-21E2-4632-A286-A9BEB73285DF}.Debug|x86.ActiveCfg = Debug|Any CPU
		{190BDE69-21E2-4632-A286-A9BEB73285DF}.Debug|x86.Build.0 = Debug|Any CPU
		{190BDE69-21E2-4632-A286-A9BEB73285DF}.Release|Any CPU.ActiveCfg = Release|Any CPU
		{190BDE69-21E2-4632-A286-A9BEB73285DF}.Release|Any CPU.Build.0 = Release|Any CPU
		{190BDE69-21E2-4632-A286-A9BEB73285DF}.Release|x64.ActiveCfg = Release|Any CPU
		{190BDE69-21E2-4632-A286-A9BEB73285DF}.Release|x64.Build.0 = Release|Any CPU
		{190BDE69-21E2-4632-A286-A9BEB73285DF}.Release|x86.ActiveCfg = Release|Any CPU
		{190BDE69-21E2-4632-A286-A9BEB73285DF}.Release|x86.Build.0 = Release|Any CPU
		{C96BB1E1-F954-4991-B5C1-EDA4561C8DFD}.Debug|Any CPU.ActiveCfg = Debug|Any CPU
		{C96BB1E1-F954-4991-B5C1-EDA4561C8DFD}.Debug|Any CPU.Build.0 = Debug|Any CPU
		{C96BB1E1-F954-4991-B5C1-EDA4561C8DFD}.Debug|x64.ActiveCfg = Debug|Any CPU
		{C96BB1E1-F954-4991-B5C1-EDA4561C8DFD}.Debug|x64.Build.0 = Debug|Any CPU
		{C96BB1E1-F954-4991-B5C1-EDA4561C8DFD}.Debug|x86.ActiveCfg = Debug|Any CPU
		{C96BB1E1-F954-4991-B5C1-EDA4561C8DFD}.Debug|x86.Build.0 = Debug|Any CPU
		{C96BB1E1-F954-4991-B5C1-EDA4561C8DFD}.Release|Any CPU.ActiveCfg = Release|Any CPU
		{C96BB1E1-F954-4991-B5C1-EDA4561C8DFD}.Release|Any CPU.Build.0 = Release|Any CPU
		{C96BB1E1-F954-4991-B5C1-EDA4561C8DFD}.Release|x64.ActiveCfg = Release|Any CPU
		{C96BB1E1-F954-4991-B5C1-EDA4561C8DFD}.Release|x64.Build.0 = Release|Any CPU
		{C96BB1E1-F954-4991-B5C1-EDA4561C8DFD}.Release|x86.ActiveCfg = Release|Any CPU
		{C96BB1E1-F954-4991-B5C1-EDA4561C8DFD}.Release|x86.Build.0 = Release|Any CPU
		{2E18A979-D1D9-42D2-85C6-CD6C9F2E37F0}.Debug|Any CPU.ActiveCfg = Debug|Any CPU
		{2E18A979-D1D9-42D2-85C6-CD6C9F2E37F0}.Debug|Any CPU.Build.0 = Debug|Any CPU
		{2E18A979-D1D9-42D2-85C6-CD6C9F2E37F0}.Debug|x64.ActiveCfg = Debug|Any CPU
		{2E18A979-D1D9-42D2-85C6-CD6C9F2E37F0}.Debug|x64.Build.0 = Debug|Any CPU
		{2E18A979-D1D9-42D2-85C6-CD6C9F2E37F0}.Debug|x86.ActiveCfg = Debug|Any CPU
		{2E18A979-D1D9-42D2-85C6-CD6C9F2E37F0}.Debug|x86.Build.0 = Debug|Any CPU
		{2E18A979-D1D9-42D2-85C6-CD6C9F2E37F0}.Release|Any CPU.ActiveCfg = Release|Any CPU
		{2E18A979-D1D9-42D2-85C6-CD6C9F2E37F0}.Release|Any CPU.Build.0 = Release|Any CPU
		{2E18A979-D1D9-42D2-85C6-CD6C9F2E37F0}.Release|x64.ActiveCfg = Release|Any CPU
		{2E18A979-D1D9-42D2-85C6-CD6C9F2E37F0}.Release|x64.Build.0 = Release|Any CPU
		{2E18A979-D1D9-42D2-85C6-CD6C9F2E37F0}.Release|x86.ActiveCfg = Release|Any CPU
		{2E18A979-D1D9-42D2-85C6-CD6C9F2E37F0}.Release|x86.Build.0 = Release|Any CPU
		{887CFEFE-4F6D-4B2B-A16E-9A6BF3915359}.Debug|Any CPU.ActiveCfg = Debug|Any CPU
		{887CFEFE-4F6D-4B2B-A16E-9A6BF3915359}.Debug|Any CPU.Build.0 = Debug|Any CPU
		{887CFEFE-4F6D-4B2B-A16E-9A6BF3915359}.Debug|x64.ActiveCfg = Debug|Any CPU
		{887CFEFE-4F6D-4B2B-A16E-9A6BF3915359}.Debug|x64.Build.0 = Debug|Any CPU
		{887CFEFE-4F6D-4B2B-A16E-9A6BF3915359}.Debug|x86.ActiveCfg = Debug|Any CPU
		{887CFEFE-4F6D-4B2B-A16E-9A6BF3915359}.Debug|x86.Build.0 = Debug|Any CPU
		{887CFEFE-4F6D-4B2B-A16E-9A6BF3915359}.Release|Any CPU.ActiveCfg = Release|Any CPU
		{887CFEFE-4F6D-4B2B-A16E-9A6BF3915359}.Release|Any CPU.Build.0 = Release|Any CPU
		{887CFEFE-4F6D-4B2B-A16E-9A6BF3915359}.Release|x64.ActiveCfg = Release|Any CPU
		{887CFEFE-4F6D-4B2B-A16E-9A6BF3915359}.Release|x64.Build.0 = Release|Any CPU
		{887CFEFE-4F6D-4B2B-A16E-9A6BF3915359}.Release|x86.ActiveCfg = Release|Any CPU
		{887CFEFE-4F6D-4B2B-A16E-9A6BF3915359}.Release|x86.Build.0 = Release|Any CPU
		{50579303-BE37-45D7-94BE-7CF927C06CC3}.Debug|Any CPU.ActiveCfg = Debug|Any CPU
		{50579303-BE37-45D7-94BE-7CF927C06CC3}.Debug|Any CPU.Build.0 = Debug|Any CPU
		{50579303-BE37-45D7-94BE-7CF927C06CC3}.Debug|x64.ActiveCfg = Debug|Any CPU
		{50579303-BE37-45D7-94BE-7CF927C06CC3}.Debug|x64.Build.0 = Debug|Any CPU
		{50579303-BE37-45D7-94BE-7CF927C06CC3}.Debug|x86.ActiveCfg = Debug|Any CPU
		{50579303-BE37-45D7-94BE-7CF927C06CC3}.Debug|x86.Build.0 = Debug|Any CPU
		{50579303-BE37-45D7-94BE-7CF927C06CC3}.Release|Any CPU.ActiveCfg = Release|Any CPU
		{50579303-BE37-45D7-94BE-7CF927C06CC3}.Release|Any CPU.Build.0 = Release|Any CPU
		{50579303-BE37-45D7-94BE-7CF927C06CC3}.Release|x64.ActiveCfg = Release|Any CPU
		{50579303-BE37-45D7-94BE-7CF927C06CC3}.Release|x64.Build.0 = Release|Any CPU
		{50579303-BE37-45D7-94BE-7CF927C06CC3}.Release|x86.ActiveCfg = Release|Any CPU
		{50579303-BE37-45D7-94BE-7CF927C06CC3}.Release|x86.Build.0 = Release|Any CPU
	EndGlobalSection
	GlobalSection(SolutionProperties) = preSolution
		HideSolutionNode = FALSE
	EndGlobalSection
	GlobalSection(NestedProjects) = preSolution
		{8EFA0AF3-4206-43DF-8C6C-A9B77C0D861E} = {60C13B2D-8668-4706-9AC4-B2F7B639D5BC}
		{F9E15C80-29B7-4725-A096-FBF23D0C8C17} = {60C13B2D-8668-4706-9AC4-B2F7B639D5BC}
		{190BDE69-21E2-4632-A286-A9BEB73285DF} = {25DE0F7B-BB0C-463C-AF2D-9769CBC822D3}
		{C96BB1E1-F954-4991-B5C1-EDA4561C8DFD} = {25DE0F7B-BB0C-463C-AF2D-9769CBC822D3}
		{887CFEFE-4F6D-4B2B-A16E-9A6BF3915359} = {8A06FB96-1681-4F22-9F05-380762F35B5D}
		{50579303-BE37-45D7-94BE-7CF927C06CC3} = {8A06FB96-1681-4F22-9F05-380762F35B5D}
	EndGlobalSection
	GlobalSection(ExtensibilityGlobals) = postSolution
		SolutionGuid = {65FB24EE-3D3E-4C62-ABA5-C40156B46F5A}
	EndGlobalSection
EndGlobal
