
Microsoft Visual Studio Solution File, Format Version 11.00
# Visual Studio 2010
Project("{2150E333-8FDC-42A3-9474-1A3956D46DE8}") = "V10", "V10", "{9AF4C038-B236-4505-AFC1-1E80A27BA4E3}"
EndProject
Project("{FAE04EC0-301F-11D3-BF4B-00C04F79EFBC}") = "UT.MessageService", "UT.MessageService\UT.MessageService.csproj", "{4A46A72F-F5FC-48F5-8ADB-C20BC261A782}"
EndProject
Project("{FAE04EC0-301F-11D3-BF4B-00C04F79EFBC}") = "UT.LogicController", "UT.LogicController\UT.LogicController.csproj", "{7F9FE6A4-B6EC-41F6-B062-74FECAEA6145}"
EndProject
Project("{2150E333-8FDC-42A3-9474-1A3956D46DE8}") = "V20", "V20", "{8E6DE727-CD0B-46F5-BC55-3A8ECE54044E}"
EndProject
Project("{FAE04EC0-301F-11D3-BF4B-00C04F79EFBC}") = "UT.Email", "UT.Email\UT.Email.csproj", "{8A5D5F50-6DD7-4246-9F1E-3E3171FF64F1}"
EndProject
Project("{FAE04EC0-301F-11D3-BF4B-00C04F79EFBC}") = "UT.EmailV20", "UT.EmailV20\UT.EmailV20.csproj", "{B412D784-8882-4627-8DAB-2B265C369616}"
EndProject
Project("{FAE04EC0-301F-11D3-BF4B-00C04F79EFBC}") = "UT.CoreV20", "UT.CoreV20\UT.CoreV20.csproj", "{273BBF5C-8940-4554-9407-3B4DB0C3B512}"
EndProject
Project("{FAE04EC0-301F-11D3-BF4B-00C04F79EFBC}") = "UT.TelephoneV20", "UT.TelephoneV20\UT.TelephoneV20.csproj", "{110899F2-6201-4C5C-8F85-FCEF6E9E9DB8}"
EndProject
Project("{FAE04EC0-301F-11D3-BF4B-00C04F79EFBC}") = "UT.MessageServiceV20", "UT.MessageServiceV20\UT.MessageServiceV20.csproj", "{53918183-FB4F-462B-859C-6F116BBE0D20}"
EndProject
Project("{FAE04EC0-301F-11D3-BF4B-00C04F79EFBC}") = "UT.LogicControllerV2", "UT.LogicControllerV2\UT.LogicControllerV2.csproj", "{ECE86DF2-143F-4362-B415-52B0A2FA03A3}"
EndProject
Project("{FAE04EC0-301F-11D3-BF4B-00C04F79EFBC}") = "UT.SMSV21", "UT.SMSV21\UT.SMSV21.csproj", "{06326484-0677-417E-BF48-AA2A4D011D6D}"
EndProject
Project("{FAE04EC0-301F-11D3-BF4B-00C04F79EFBC}") = "UT.WechatV22", "UT.WechatV22\UT.WechatV22.csproj", "{2EE8BEAC-673D-4648-A759-024CB6E94E1F}"
EndProject
Project("{2150E333-8FDC-42A3-9474-1A3956D46DE8}") = "V30", "V30", "{6E8C0B27-A64C-4B80-AC66-67BDD4103305}"
EndProject
Project("{FAE04EC0-301F-11D3-BF4B-00C04F79EFBC}") = "UT.LogicControllerV3", "UT.LogicControllerV3\UT.LogicControllerV3.csproj", "{453F5C7D-0B93-4043-80F6-5E4BE9E2D953}"
EndProject
Global
	GlobalSection(SolutionConfigurationPlatforms) = preSolution
		Debug|Any CPU = Debug|Any CPU
		Debug|Mixed Platforms = Debug|Mixed Platforms
		Debug|x86 = Debug|x86
		Release|Any CPU = Release|Any CPU
		Release|Mixed Platforms = Release|Mixed Platforms
		Release|x86 = Release|x86
	EndGlobalSection
	GlobalSection(ProjectConfigurationPlatforms) = postSolution
		{4A46A72F-F5FC-48F5-8ADB-C20BC261A782}.Debug|Any CPU.ActiveCfg = Debug|Any CPU
		{4A46A72F-F5FC-48F5-8ADB-C20BC261A782}.Debug|Any CPU.Build.0 = Debug|Any CPU
		{4A46A72F-F5FC-48F5-8ADB-C20BC261A782}.Debug|Mixed Platforms.ActiveCfg = Debug|Any CPU
		{4A46A72F-F5FC-48F5-8ADB-C20BC261A782}.Debug|Mixed Platforms.Build.0 = Debug|Any CPU
		{4A46A72F-F5FC-48F5-8ADB-C20BC261A782}.Debug|x86.ActiveCfg = Debug|Any CPU
		{4A46A72F-F5FC-48F5-8ADB-C20BC261A782}.Release|Any CPU.ActiveCfg = Release|Any CPU
		{4A46A72F-F5FC-48F5-8ADB-C20BC261A782}.Release|Any CPU.Build.0 = Release|Any CPU
		{4A46A72F-F5FC-48F5-8ADB-C20BC261A782}.Release|Mixed Platforms.ActiveCfg = Release|Any CPU
		{4A46A72F-F5FC-48F5-8ADB-C20BC261A782}.Release|Mixed Platforms.Build.0 = Release|Any CPU
		{4A46A72F-F5FC-48F5-8ADB-C20BC261A782}.Release|x86.ActiveCfg = Release|Any CPU
		{7F9FE6A4-B6EC-41F6-B062-74FECAEA6145}.Debug|Any CPU.ActiveCfg = Debug|x86
		{7F9FE6A4-B6EC-41F6-B062-74FECAEA6145}.Debug|Mixed Platforms.ActiveCfg = Debug|x86
		{7F9FE6A4-B6EC-41F6-B062-74FECAEA6145}.Debug|Mixed Platforms.Build.0 = Debug|x86
		{7F9FE6A4-B6EC-41F6-B062-74FECAEA6145}.Debug|x86.ActiveCfg = Debug|x86
		{7F9FE6A4-B6EC-41F6-B062-74FECAEA6145}.Debug|x86.Build.0 = Debug|x86
		{7F9FE6A4-B6EC-41F6-B062-74FECAEA6145}.Release|Any CPU.ActiveCfg = Release|x86
		{7F9FE6A4-B6EC-41F6-B062-74FECAEA6145}.Release|Mixed Platforms.ActiveCfg = Release|x86
		{7F9FE6A4-B6EC-41F6-B062-74FECAEA6145}.Release|Mixed Platforms.Build.0 = Release|x86
		{7F9FE6A4-B6EC-41F6-B062-74FECAEA6145}.Release|x86.ActiveCfg = Release|x86
		{7F9FE6A4-B6EC-41F6-B062-74FECAEA6145}.Release|x86.Build.0 = Release|x86
		{8A5D5F50-6DD7-4246-9F1E-3E3171FF64F1}.Debug|Any CPU.ActiveCfg = Debug|Any CPU
		{8A5D5F50-6DD7-4246-9F1E-3E3171FF64F1}.Debug|Any CPU.Build.0 = Debug|Any CPU
		{8A5D5F50-6DD7-4246-9F1E-3E3171FF64F1}.Debug|Mixed Platforms.ActiveCfg = Debug|Any CPU
		{8A5D5F50-6DD7-4246-9F1E-3E3171FF64F1}.Debug|Mixed Platforms.Build.0 = Debug|Any CPU
		{8A5D5F50-6DD7-4246-9F1E-3E3171FF64F1}.Debug|x86.ActiveCfg = Debug|Any CPU
		{8A5D5F50-6DD7-4246-9F1E-3E3171FF64F1}.Release|Any CPU.ActiveCfg = Release|Any CPU
		{8A5D5F50-6DD7-4246-9F1E-3E3171FF64F1}.Release|Any CPU.Build.0 = Release|Any CPU
		{8A5D5F50-6DD7-4246-9F1E-3E3171FF64F1}.Release|Mixed Platforms.ActiveCfg = Release|Any CPU
		{8A5D5F50-6DD7-4246-9F1E-3E3171FF64F1}.Release|Mixed Platforms.Build.0 = Release|Any CPU
		{8A5D5F50-6DD7-4246-9F1E-3E3171FF64F1}.Release|x86.ActiveCfg = Release|Any CPU
		{B412D784-8882-4627-8DAB-2B265C369616}.Debug|Any CPU.ActiveCfg = Debug|Any CPU
		{B412D784-8882-4627-8DAB-2B265C369616}.Debug|Any CPU.Build.0 = Debug|Any CPU
		{B412D784-8882-4627-8DAB-2B265C369616}.Debug|Mixed Platforms.ActiveCfg = Debug|Any CPU
		{B412D784-8882-4627-8DAB-2B265C369616}.Debug|Mixed Platforms.Build.0 = Debug|Any CPU
		{B412D784-8882-4627-8DAB-2B265C369616}.Debug|x86.ActiveCfg = Debug|Any CPU
		{B412D784-8882-4627-8DAB-2B265C369616}.Release|Any CPU.ActiveCfg = Release|Any CPU
		{B412D784-8882-4627-8DAB-2B265C369616}.Release|Any CPU.Build.0 = Release|Any CPU
		{B412D784-8882-4627-8DAB-2B265C369616}.Release|Mixed Platforms.ActiveCfg = Release|Any CPU
		{B412D784-8882-4627-8DAB-2B265C369616}.Release|Mixed Platforms.Build.0 = Release|Any CPU
		{B412D784-8882-4627-8DAB-2B265C369616}.Release|x86.ActiveCfg = Release|Any CPU
		{273BBF5C-8940-4554-9407-3B4DB0C3B512}.Debug|Any CPU.ActiveCfg = Debug|Any CPU
		{273BBF5C-8940-4554-9407-3B4DB0C3B512}.Debug|Any CPU.Build.0 = Debug|Any CPU
		{273BBF5C-8940-4554-9407-3B4DB0C3B512}.Debug|Mixed Platforms.ActiveCfg = Debug|Any CPU
		{273BBF5C-8940-4554-9407-3B4DB0C3B512}.Debug|Mixed Platforms.Build.0 = Debug|Any CPU
		{273BBF5C-8940-4554-9407-3B4DB0C3B512}.Debug|x86.ActiveCfg = Debug|Any CPU
		{273BBF5C-8940-4554-9407-3B4DB0C3B512}.Release|Any CPU.ActiveCfg = Release|Any CPU
		{273BBF5C-8940-4554-9407-3B4DB0C3B512}.Release|Any CPU.Build.0 = Release|Any CPU
		{273BBF5C-8940-4554-9407-3B4DB0C3B512}.Release|Mixed Platforms.ActiveCfg = Release|Any CPU
		{273BBF5C-8940-4554-9407-3B4DB0C3B512}.Release|Mixed Platforms.Build.0 = Release|Any CPU
		{273BBF5C-8940-4554-9407-3B4DB0C3B512}.Release|x86.ActiveCfg = Release|Any CPU
		{110899F2-6201-4C5C-8F85-FCEF6E9E9DB8}.Debug|Any CPU.ActiveCfg = Debug|Any CPU
		{110899F2-6201-4C5C-8F85-FCEF6E9E9DB8}.Debug|Any CPU.Build.0 = Debug|Any CPU
		{110899F2-6201-4C5C-8F85-FCEF6E9E9DB8}.Debug|Mixed Platforms.ActiveCfg = Debug|Any CPU
		{110899F2-6201-4C5C-8F85-FCEF6E9E9DB8}.Debug|Mixed Platforms.Build.0 = Debug|Any CPU
		{110899F2-6201-4C5C-8F85-FCEF6E9E9DB8}.Debug|x86.ActiveCfg = Debug|Any CPU
		{110899F2-6201-4C5C-8F85-FCEF6E9E9DB8}.Release|Any CPU.ActiveCfg = Release|Any CPU
		{110899F2-6201-4C5C-8F85-FCEF6E9E9DB8}.Release|Any CPU.Build.0 = Release|Any CPU
		{110899F2-6201-4C5C-8F85-FCEF6E9E9DB8}.Release|Mixed Platforms.ActiveCfg = Release|Any CPU
		{110899F2-6201-4C5C-8F85-FCEF6E9E9DB8}.Release|Mixed Platforms.Build.0 = Release|Any CPU
		{110899F2-6201-4C5C-8F85-FCEF6E9E9DB8}.Release|x86.ActiveCfg = Release|Any CPU
		{53918183-FB4F-462B-859C-6F116BBE0D20}.Debug|Any CPU.ActiveCfg = Debug|Any CPU
		{53918183-FB4F-462B-859C-6F116BBE0D20}.Debug|Any CPU.Build.0 = Debug|Any CPU
		{53918183-FB4F-462B-859C-6F116BBE0D20}.Debug|Mixed Platforms.ActiveCfg = Debug|Any CPU
		{53918183-FB4F-462B-859C-6F116BBE0D20}.Debug|Mixed Platforms.Build.0 = Debug|Any CPU
		{53918183-FB4F-462B-859C-6F116BBE0D20}.Debug|x86.ActiveCfg = Debug|Any CPU
		{53918183-FB4F-462B-859C-6F116BBE0D20}.Release|Any CPU.ActiveCfg = Release|Any CPU
		{53918183-FB4F-462B-859C-6F116BBE0D20}.Release|Any CPU.Build.0 = Release|Any CPU
		{53918183-FB4F-462B-859C-6F116BBE0D20}.Release|Mixed Platforms.ActiveCfg = Release|Any CPU
		{53918183-FB4F-462B-859C-6F116BBE0D20}.Release|Mixed Platforms.Build.0 = Release|Any CPU
		{53918183-FB4F-462B-859C-6F116BBE0D20}.Release|x86.ActiveCfg = Release|Any CPU
		{ECE86DF2-143F-4362-B415-52B0A2FA03A3}.Debug|Any CPU.ActiveCfg = Debug|x86
		{ECE86DF2-143F-4362-B415-52B0A2FA03A3}.Debug|Mixed Platforms.ActiveCfg = Debug|x86
		{ECE86DF2-143F-4362-B415-52B0A2FA03A3}.Debug|Mixed Platforms.Build.0 = Debug|x86
		{ECE86DF2-143F-4362-B415-52B0A2FA03A3}.Debug|x86.ActiveCfg = Debug|x86
		{ECE86DF2-143F-4362-B415-52B0A2FA03A3}.Debug|x86.Build.0 = Debug|x86
		{ECE86DF2-143F-4362-B415-52B0A2FA03A3}.Release|Any CPU.ActiveCfg = Release|x86
		{ECE86DF2-143F-4362-B415-52B0A2FA03A3}.Release|Mixed Platforms.ActiveCfg = Release|x86
		{ECE86DF2-143F-4362-B415-52B0A2FA03A3}.Release|Mixed Platforms.Build.0 = Release|x86
		{ECE86DF2-143F-4362-B415-52B0A2FA03A3}.Release|x86.ActiveCfg = Release|x86
		{ECE86DF2-143F-4362-B415-52B0A2FA03A3}.Release|x86.Build.0 = Release|x86
		{06326484-0677-417E-BF48-AA2A4D011D6D}.Debug|Any CPU.ActiveCfg = Debug|Any CPU
		{06326484-0677-417E-BF48-AA2A4D011D6D}.Debug|Any CPU.Build.0 = Debug|Any CPU
		{06326484-0677-417E-BF48-AA2A4D011D6D}.Debug|Mixed Platforms.ActiveCfg = Debug|Any CPU
		{06326484-0677-417E-BF48-AA2A4D011D6D}.Debug|Mixed Platforms.Build.0 = Debug|Any CPU
		{06326484-0677-417E-BF48-AA2A4D011D6D}.Debug|x86.ActiveCfg = Debug|Any CPU
		{06326484-0677-417E-BF48-AA2A4D011D6D}.Release|Any CPU.ActiveCfg = Release|Any CPU
		{06326484-0677-417E-BF48-AA2A4D011D6D}.Release|Any CPU.Build.0 = Release|Any CPU
		{06326484-0677-417E-BF48-AA2A4D011D6D}.Release|Mixed Platforms.ActiveCfg = Release|Any CPU
		{06326484-0677-417E-BF48-AA2A4D011D6D}.Release|Mixed Platforms.Build.0 = Release|Any CPU
		{06326484-0677-417E-BF48-AA2A4D011D6D}.Release|x86.ActiveCfg = Release|Any CPU
		{2EE8BEAC-673D-4648-A759-024CB6E94E1F}.Debug|Any CPU.ActiveCfg = Debug|Any CPU
		{2EE8BEAC-673D-4648-A759-024CB6E94E1F}.Debug|Any CPU.Build.0 = Debug|Any CPU
		{2EE8BEAC-673D-4648-A759-024CB6E94E1F}.Debug|Mixed Platforms.ActiveCfg = Debug|Any CPU
		{2EE8BEAC-673D-4648-A759-024CB6E94E1F}.Debug|Mixed Platforms.Build.0 = Debug|Any CPU
		{2EE8BEAC-673D-4648-A759-024CB6E94E1F}.Debug|x86.ActiveCfg = Debug|Any CPU
		{2EE8BEAC-673D-4648-A759-024CB6E94E1F}.Release|Any CPU.ActiveCfg = Release|Any CPU
		{2EE8BEAC-673D-4648-A759-024CB6E94E1F}.Release|Any CPU.Build.0 = Release|Any CPU
		{2EE8BEAC-673D-4648-A759-024CB6E94E1F}.Release|Mixed Platforms.ActiveCfg = Release|Any CPU
		{2EE8BEAC-673D-4648-A759-024CB6E94E1F}.Release|Mixed Platforms.Build.0 = Release|Any CPU
		{2EE8BEAC-673D-4648-A759-024CB6E94E1F}.Release|x86.ActiveCfg = Release|Any CPU
		{453F5C7D-0B93-4043-80F6-5E4BE9E2D953}.Debug|Any CPU.ActiveCfg = Debug|x86
		{453F5C7D-0B93-4043-80F6-5E4BE9E2D953}.Debug|Mixed Platforms.ActiveCfg = Debug|x86
		{453F5C7D-0B93-4043-80F6-5E4BE9E2D953}.Debug|Mixed Platforms.Build.0 = Debug|x86
		{453F5C7D-0B93-4043-80F6-5E4BE9E2D953}.Debug|x86.ActiveCfg = Debug|x86
		{453F5C7D-0B93-4043-80F6-5E4BE9E2D953}.Debug|x86.Build.0 = Debug|x86
		{453F5C7D-0B93-4043-80F6-5E4BE9E2D953}.Release|Any CPU.ActiveCfg = Release|x86
		{453F5C7D-0B93-4043-80F6-5E4BE9E2D953}.Release|Mixed Platforms.ActiveCfg = Release|x86
		{453F5C7D-0B93-4043-80F6-5E4BE9E2D953}.Release|Mixed Platforms.Build.0 = Release|x86
		{453F5C7D-0B93-4043-80F6-5E4BE9E2D953}.Release|x86.ActiveCfg = Release|x86
		{453F5C7D-0B93-4043-80F6-5E4BE9E2D953}.Release|x86.Build.0 = Release|x86
	EndGlobalSection
	GlobalSection(SolutionProperties) = preSolution
		HideSolutionNode = FALSE
	EndGlobalSection
	GlobalSection(NestedProjects) = preSolution
		{4A46A72F-F5FC-48F5-8ADB-C20BC261A782} = {9AF4C038-B236-4505-AFC1-1E80A27BA4E3}
		{7F9FE6A4-B6EC-41F6-B062-74FECAEA6145} = {9AF4C038-B236-4505-AFC1-1E80A27BA4E3}
		{8A5D5F50-6DD7-4246-9F1E-3E3171FF64F1} = {9AF4C038-B236-4505-AFC1-1E80A27BA4E3}
		{B412D784-8882-4627-8DAB-2B265C369616} = {8E6DE727-CD0B-46F5-BC55-3A8ECE54044E}
		{273BBF5C-8940-4554-9407-3B4DB0C3B512} = {8E6DE727-CD0B-46F5-BC55-3A8ECE54044E}
		{110899F2-6201-4C5C-8F85-FCEF6E9E9DB8} = {8E6DE727-CD0B-46F5-BC55-3A8ECE54044E}
		{53918183-FB4F-462B-859C-6F116BBE0D20} = {8E6DE727-CD0B-46F5-BC55-3A8ECE54044E}
		{ECE86DF2-143F-4362-B415-52B0A2FA03A3} = {8E6DE727-CD0B-46F5-BC55-3A8ECE54044E}
		{06326484-0677-417E-BF48-AA2A4D011D6D} = {8E6DE727-CD0B-46F5-BC55-3A8ECE54044E}
		{2EE8BEAC-673D-4648-A759-024CB6E94E1F} = {8E6DE727-CD0B-46F5-BC55-3A8ECE54044E}
		{453F5C7D-0B93-4043-80F6-5E4BE9E2D953} = {6E8C0B27-A64C-4B80-AC66-67BDD4103305}
	EndGlobalSection
EndGlobal
