
Microsoft Visual Studio Solution File, Format Version 12.00
# Visual Studio Version 16
VisualStudioVersion = 16.0.29509.3
MinimumVisualStudioVersion = 10.0.40219.1
Project("{F184B08F-C81C-45F6-A57F-5ABD9991F28F}") = "WindowsApp2", "WindowsApp2\WindowsApp2.vbproj", "{C6212825-E85C-4548-8A8A-A08337B08DFF}"
EndProject
Global
	GlobalSection(SolutionConfigurationPlatforms) = preSolution
		Debug|Any CPU = Debug|Any CPU
		Release|Any CPU = Release|Any CPU
	EndGlobalSection
	GlobalSection(ProjectConfigurationPlatforms) = postSolution
		{C6212825-E85C-4548-8A8A-A08337B08DFF}.Debug|Any CPU.ActiveCfg = Debug|Any CPU
		{C6212825-E85C-4548-8A8A-A08337B08DFF}.Debug|Any CPU.Build.0 = Debug|Any CPU
		{C6212825-E85C-4548-8A8A-A08337B08DFF}.Release|Any CPU.ActiveCfg = Release|Any CPU
		{C6212825-E85C-4548-8A8A-A08337B08DFF}.Release|Any CPU.Build.0 = Release|Any CPU
	EndGlobalSection
	GlobalSection(SolutionProperties) = preSolution
		HideSolutionNode = FALSE
	EndGlobalSection
	GlobalSection(ExtensibilityGlobals) = postSolution
		SolutionGuid = {CC19454E-9CA5-4719-9755-17DB6E7BD270}
	EndGlobalSection
EndGlobal
