
Microsoft Visual Studio Solution File, Format Version 12.00
# Visual Studio Version 16
VisualStudioVersion = 16.0.30002.166
MinimumVisualStudioVersion = 10.0.40219.1
Project("{FAE04EC0-301F-11D3-BF4B-00C04F79EFBC}") = "ConsoleApp1", "ConsoleApp1\ConsoleApp1.csproj", "{2C45AD11-6BF4-40DF-AC91-730898BFE078}"
EndProject
Global
	GlobalSection(SolutionConfigurationPlatforms) = preSolution
		Debug|Any CPU = Debug|Any CPU
		Release|Any CPU = Release|Any CPU
	EndGlobalSection
	GlobalSection(ProjectConfigurationPlatforms) = postSolution
		{2C45AD11-6BF4-40DF-AC91-730898BFE078}.Debug|Any CPU.ActiveCfg = Debug|Any CPU
		{2C45AD11-6BF4-40DF-AC91-730898BFE078}.Debug|Any CPU.Build.0 = Debug|Any CPU
		{2C45AD11-6BF4-40DF-AC91-730898BFE078}.Release|Any CPU.ActiveCfg = Release|Any CPU
		{2C45AD11-6BF4-40DF-AC91-730898BFE078}.Release|Any CPU.Build.0 = Release|Any CPU
	EndGlobalSection
	GlobalSection(SolutionProperties) = preSolution
		HideSolutionNode = FALSE
	EndGlobalSection
	GlobalSection(ExtensibilityGlobals) = postSolution
		SolutionGuid = {38527B5A-D095-489E-A5E8-8A67B868941B}
	EndGlobalSection
EndGlobal
