
Microsoft Visual Studio Solution File, Format Version 12.00
# Visual Studio Version 16
VisualStudioVersion = 16.0.29025.244
MinimumVisualStudioVersion = 10.0.40219.1
Project("{FAE04EC0-301F-11D3-BF4B-00C04F79EFBC}") = "WpfApp1", "WpfApp1\WpfApp1.csproj", "{C78FAC18-0879-441B-916C-544859DE816C}"
EndProject
Global
	GlobalSection(SolutionConfigurationPlatforms) = preSolution
		Debug|Any CPU = Debug|Any CPU
		Release|Any CPU = Release|Any CPU
	EndGlobalSection
	GlobalSection(ProjectConfigurationPlatforms) = postSolution
		{C78FAC18-0879-441B-916C-544859DE816C}.Debug|Any CPU.ActiveCfg = Debug|Any CPU
		{C78FAC18-0879-441B-916C-544859DE816C}.Debug|Any CPU.Build.0 = Debug|Any CPU
		{C78FAC18-0879-441B-916C-544859DE816C}.Release|Any CPU.ActiveCfg = Release|Any CPU
		{C78FAC18-0879-441B-916C-544859DE816C}.Release|Any CPU.Build.0 = Release|Any CPU
	EndGlobalSection
	GlobalSection(SolutionProperties) = preSolution
		HideSolutionNode = FALSE
	EndGlobalSection
	GlobalSection(ExtensibilityGlobals) = postSolution
		SolutionGuid = {5542CB63-C5AB-4143-AE9E-D4E8B2F06CAE}
	EndGlobalSection
EndGlobal
