
Microsoft Visual Studio Solution File, Format Version 12.00
# Visual Studio Version 16
VisualStudioVersion = 16.0.29025.244
MinimumVisualStudioVersion = 10.0.40219.1
Project("{F184B08F-C81C-45F6-A57F-5ABD9991F28F}") = "FirstMVVM", "FirstMVVM\FirstMVVM.vbproj", "{5BBA0E1C-451B-48A3-B1EE-2A27354B2FC4}"
EndProject
Global
	GlobalSection(SolutionConfigurationPlatforms) = preSolution
		Debug|Any CPU = Debug|Any CPU
		Release|Any CPU = Release|Any CPU
	EndGlobalSection
	GlobalSection(ProjectConfigurationPlatforms) = postSolution
		{5BBA0E1C-451B-48A3-B1EE-2A27354B2FC4}.Debug|Any CPU.ActiveCfg = Debug|Any CPU
		{5BBA0E1C-451B-48A3-B1EE-2A27354B2FC4}.Debug|Any CPU.Build.0 = Debug|Any CPU
		{5BBA0E1C-451B-48A3-B1EE-2A27354B2FC4}.Release|Any CPU.ActiveCfg = Release|Any CPU
		{5BBA0E1C-451B-48A3-B1EE-2A27354B2FC4}.Release|Any CPU.Build.0 = Release|Any CPU
	EndGlobalSection
	GlobalSection(SolutionProperties) = preSolution
		HideSolutionNode = FALSE
	EndGlobalSection
	GlobalSection(ExtensibilityGlobals) = postSolution
		SolutionGuid = {8008DB4C-6AB9-481A-8F7D-246981C2875A}
	EndGlobalSection
EndGlobal
