
Microsoft Visual Studio Solution File, Format Version 12.00
# Visual Studio Version 16
VisualStudioVersion = 16.0.29025.244
MinimumVisualStudioVersion = 10.0.40219.1
Project("{FAE04EC0-301F-11D3-BF4B-00C04F79EFBC}") = "WpfApp1", "WpfApp1\WpfApp1.csproj", "{D8D8DE7D-F1EF-47CC-BDC5-FA032A936A5C}"
EndProject
Global
	GlobalSection(SolutionConfigurationPlatforms) = preSolution
		Debug|Any CPU = Debug|Any CPU
		Release|Any CPU = Release|Any CPU
	EndGlobalSection
	GlobalSection(ProjectConfigurationPlatforms) = postSolution
		{D8D8DE7D-F1EF-47CC-BDC5-FA032A936A5C}.Debug|Any CPU.ActiveCfg = Debug|Any CPU
		{D8D8DE7D-F1EF-47CC-BDC5-FA032A936A5C}.Debug|Any CPU.Build.0 = Debug|Any CPU
		{D8D8DE7D-F1EF-47CC-BDC5-FA032A936A5C}.Release|Any CPU.ActiveCfg = Release|Any CPU
		{D8D8DE7D-F1EF-47CC-BDC5-FA032A936A5C}.Release|Any CPU.Build.0 = Release|Any CPU
	EndGlobalSection
	GlobalSection(SolutionProperties) = preSolution
		HideSolutionNode = FALSE
	EndGlobalSection
	GlobalSection(ExtensibilityGlobals) = postSolution
		SolutionGuid = {6AA1AEC1-33E4-433C-B551-9689988CD19A}
	EndGlobalSection
EndGlobal
